
Microsoft Visual Studio Solution File, Format Version 11.00
# Visual Studio 2010
Project("{FAE04EC0-301F-11D3-BF4B-00C04F79EFBC}") = "Sample", "Sample\Sample.csproj", "{D79777B6-AFD9-4CCE-824B-98C704C00AEE}"
EndProject
Global
	GlobalSection(SolutionConfigurationPlatforms) = preSolution
		Debug|Any CPU = Debug|Any CPU
		Release|Any CPU = Release|Any CPU
	EndGlobalSection
	GlobalSection(ProjectConfigurationPlatforms) = postSolution
		{D79777B6-AFD9-4CCE-824B-98C704C00AEE}.Debug|Any CPU.ActiveCfg = Debug|Any CPU
		{D79777B6-AFD9-4CCE-824B-98C704C00AEE}.Debug|Any CPU.Build.0 = Debug|Any CPU
		{D79777B6-AFD9-4CCE-824B-98C704C00AEE}.Release|Any CPU.ActiveCfg = Release|Any CPU
		{D79777B6-AFD9-4CCE-824B-98C704C00AEE}.Release|Any CPU.Build.0 = Release|Any CPU
	EndGlobalSection
	GlobalSection(SolutionProperties) = preSolution
		HideSolutionNode = FALSE
	EndGlobalSection
EndGlobal
